<?xml version="1.0" encoding="utf-8"?>
<Project ToolsVersion="4.0" xmlns="http://schemas.microsoft.com/developer/msbuild/2003">
  <ItemGroup>
    <Filter Include="Source Files">
      <UniqueIdentifier>{4FC737F1-C7A5-4376-A066-2A32D752A2FF}</UniqueIdentifier>
      <Extensions>cpp;c;cc;cxx;c++;def;odl;idl;hpj;bat;asm;asmx</Extensions>
    </Filter>
    <Filter Include="Header Files">
      <UniqueIdentifier>{93995380-89BD-4b04-88EB-625FBE52EBFB}</UniqueIdentifier>
      <Extensions>h;hh;hpp;hxx;h++;hm;inl;inc;ipp;xsd</Extensions>
    </Filter>
    <Filter Include="Resource Files">
      <UniqueIdentifier>{67DA6AB6-F800-4c08-8B7A-83BB121AAD01}</UniqueIdentifier>
      <Extensions>rc;ico;cur;bmp;dlg;rc2;rct;bin;rgs;gif;jpg;jpeg;jpe;resx;tiff;tif;png;wav;mfcribbon-ms</Extensions>
    </Filter>
    <Filter Include="Header Files\Events">
      <UniqueIdentifier>{78539af2-9a41-4fe1-ba63-792d50c1c38e}</UniqueIdentifier>
    </Filter>
    <Filter Include="Header Files\Events\ImguiFiles">
      <UniqueIdentifier>{af3be77d-4256-47c5-aa32-9535cdd68c51}</UniqueIdentifier>
    </Filter>
    <Filter Include="Header Files\Nodos">
      <UniqueIdentifier>{d7ed5983-7224-4b75-a352-d77476d6a8ca}</UniqueIdentifier>
    </Filter>
    <Filter Include="Source Files\Events">
      <UniqueIdentifier>{c31e46b7-4153-4911-a3ba-6e0cd428598a}</UniqueIdentifier>
    </Filter>
    <Filter Include="Source Files\Nodos">
      <UniqueIdentifier>{c86018b8-2aab-4927-8b0c-59a439c89ad1}</UniqueIdentifier>
    </Filter>
    <Filter Include="Source Files\Blocks">
      <UniqueIdentifier>{4e6f5c68-6c48-4bed-a656-dbe14d11bbff}</UniqueIdentifier>
    </Filter>
    <Filter Include="Header Files\Blocks">
      <UniqueIdentifier>{4f8f7bf3-a865-47ca-b4a2-09b2538c14ed}</UniqueIdentifier>
    </Filter>
    <Filter Include="Source Files\Events\ImGuiFiles">
      <UniqueIdentifier>{4f530d9d-cf3c-4666-9921-241055d692c7}</UniqueIdentifier>
    </Filter>
  </ItemGroup>
  <ItemGroup>
    <ClCompile Include="main.cpp">
      <Filter>Source Files</Filter>
    </ClCompile>
    <ClCompile Include="Source.cpp">
      <Filter>Source Files</Filter>
    </ClCompile>
    <ClCompile Include="ALLEventsGenerator.cpp">
      <Filter>Source Files\Events</Filter>
    </ClCompile>
    <ClCompile Include="EventHandling.cpp">
      <Filter>Source Files\Events</Filter>
    </ClCompile>
    <ClCompile Include="FSM.cpp">
      <Filter>Source Files\Events</Filter>
    </ClCompile>
    <ClCompile Include="Block.cpp">
      <Filter>Source Files\Blocks</Filter>
    </ClCompile>
    <ClCompile Include="Blockchain.cpp">
      <Filter>Source Files\Blocks</Filter>
    </ClCompile>
    <ClCompile Include="FullNode.cpp">
      <Filter>Source Files\Nodos</Filter>
    </ClCompile>
    <ClCompile Include="GenericFSM.cpp">
      <Filter>Source Files\Events</Filter>
    </ClCompile>
    <ClCompile Include="GraphicF2.cpp">
      <Filter>Source Files\Events</Filter>
    </ClCompile>
    <ClCompile Include="GUIEventGenerator.cpp">
      <Filter>Source Files\Events</Filter>
    </ClCompile>
    <ClCompile Include="SPVNode.cpp">
      <Filter>Source Files\Nodos</Filter>
    </ClCompile>
    <ClCompile Include="Node.cpp">
      <Filter>Source Files\Nodos</Filter>
    </ClCompile>
    <ClCompile Include="NodeClient.cpp">
      <Filter>Source Files\Nodos</Filter>
    </ClCompile>
    <ClCompile Include="NodeServer.cpp">
      <Filter>Source Files\Nodos</Filter>
    </ClCompile>
    <ClCompile Include="Imgui_files\imgui.cpp">
      <Filter>Source Files\Events\ImGuiFiles</Filter>
    </ClCompile>
    <ClCompile Include="Imgui_files\imgui_demo.cpp">
      <Filter>Source Files\Events\ImGuiFiles</Filter>
    </ClCompile>
    <ClCompile Include="Imgui_files\imgui_draw.cpp">
      <Filter>Source Files\Events\ImGuiFiles</Filter>
    </ClCompile>
    <ClCompile Include="Imgui_files\imgui_impl_allegro5.cpp">
      <Filter>Source Files\Events\ImGuiFiles</Filter>
    </ClCompile>
    <ClCompile Include="Imgui_files\imgui_widgets.cpp">
      <Filter>Source Files\Events\ImGuiFiles</Filter>
    </ClCompile>
    <ClCompile Include="GEN_FSM.cpp">
      <Filter>Source Files\Events</Filter>
    </ClCompile>
    <ClCompile Include="GenEventGenerator.cpp">
      <Filter>Source Files</Filter>
    </ClCompile>
  </ItemGroup>
  <ItemGroup>
    <None Include="blockChain4.json">
      <Filter>Resource Files</Filter>
    </None>
    <None Include="blockChain32.json">
      <Filter>Resource Files</Filter>
    </None>
    <None Include="packages.config" />
    <None Include="redOrigen.json">
      <Filter>Resource Files</Filter>
    </None>
  </ItemGroup>
  <ItemGroup>
    <Text Include="MisNoticias.txt">
      <Filter>Resource Files</Filter>
    </Text>
    <Text Include="MyBulletinfile.txt">
      <Filter>Resource Files</Filter>
    </Text>
  </ItemGroup>
  <ItemGroup>
    <ClInclude Include="json.hpp">
      <Filter>Header Files</Filter>
    </ClInclude>
    <ClInclude Include="Block.h">
      <Filter>Header Files\Blocks</Filter>
    </ClInclude>
    <ClInclude Include="Blockchain.h">
      <Filter>Header Files\Blocks</Filter>
    </ClInclude>
    <ClInclude Include="EventHandling.h">
      <Filter>Header Files\Events</Filter>
    </ClInclude>
    <ClInclude Include="FSM.h">
      <Filter>Header Files\Events</Filter>
    </ClInclude>
    <ClInclude Include="ALLEventGenerator.h">
      <Filter>Header Files\Events</Filter>
    </ClInclude>
    <ClInclude Include="GenericFSM.h">
      <Filter>Header Files\Events</Filter>
    </ClInclude>
    <ClInclude Include="GraphicF2.h">
      <Filter>Header Files\Events</Filter>
    </ClInclude>
    <ClInclude Include="GUIEventGenerator.h">
      <Filter>Header Files\Events</Filter>
    </ClInclude>
    <ClInclude Include="Imgui_files\imconfig.h">
      <Filter>Header Files\Events\ImguiFiles</Filter>
    </ClInclude>
    <ClInclude Include="Imgui_files\imgui.h">
      <Filter>Header Files\Events\ImguiFiles</Filter>
    </ClInclude>
    <ClInclude Include="Imgui_files\imgui_impl_allegro5.h">
      <Filter>Header Files\Events\ImguiFiles</Filter>
    </ClInclude>
    <ClInclude Include="Imgui_files\imgui_internal.h">
      <Filter>Header Files\Events\ImguiFiles</Filter>
    </ClInclude>
    <ClInclude Include="Imgui_files\imstb_rectpack.h">
      <Filter>Header Files\Events\ImguiFiles</Filter>
    </ClInclude>
    <ClInclude Include="Imgui_files\imstb_textedit.h">
      <Filter>Header Files\Events\ImguiFiles</Filter>
    </ClInclude>
    <ClInclude Include="Imgui_files\imstb_truetype.h">
      <Filter>Header Files\Events\ImguiFiles</Filter>
    </ClInclude>
    <ClInclude Include="Structs.h">
      <Filter>Header Files\Events</Filter>
    </ClInclude>
    <ClInclude Include="FullNode.h">
      <Filter>Header Files\Nodos</Filter>
    </ClInclude>
    <ClInclude Include="Node.h">
      <Filter>Header Files\Nodos</Filter>
    </ClInclude>
    <ClInclude Include="NodeClient.h">
      <Filter>Header Files\Nodos</Filter>
    </ClInclude>
    <ClInclude Include="NodeServer.h">
      <Filter>Header Files\Nodos</Filter>
    </ClInclude>
    <ClInclude Include="SPVNode.h">
      <Filter>Header Files\Nodos</Filter>
    </ClInclude>
    <ClInclude Include="GEN_FSM.h">
      <Filter>Header Files\Events</Filter>
    </ClInclude>
    <ClInclude Include="GenEventGenerator.h">
      <Filter>Header Files\Events</Filter>
    </ClInclude>
  </ItemGroup>
</Project>